// !$*UTF8*$!
{
	archiveVersion = 1;
	classes = {
	};
	objectVersion = 55;
	objects = {

/* Begin PBXBuildFile section */
		EA26EB9D27D7BBC300C2770F /* GoogleService-Info.plist in Resources */ = {isa = PBXBuildFile; fileRef = EA26EB9C27D7BBC300C2770F /* GoogleService-Info.plist */; };
		EA2C742F27DB3F6E00539B0B /* EmailValidation.m in Sources */ = {isa = PBXBuildFile; fileRef = EA2C742E27DB3F6E00539B0B /* EmailValidation.m */; };
		EA2C743127DB3F8500539B0B /* PasswordValidation.m in Sources */ = {isa = PBXBuildFile; fileRef = EA2C743027DB3F8500539B0B /* PasswordValidation.m */; };
		EA2C743627DB5D8000539B0B /* KeychainItemWrapper.m in Sources */ = {isa = PBXBuildFile; fileRef = EA2C743527DB5D7F00539B0B /* KeychainItemWrapper.m */; };
		EA42B56227D64BA000194A06 /* AppDelegate.m in Sources */ = {isa = PBXBuildFile; fileRef = EA42B56127D64BA000194A06 /* AppDelegate.m */; };
		EA42B56527D64BA000194A06 /* SceneDelegate.m in Sources */ = {isa = PBXBuildFile; fileRef = EA42B56427D64BA000194A06 /* SceneDelegate.m */; };
		EA42B56827D64BA000194A06 /* ViewController.m in Sources */ = {isa = PBXBuildFile; fileRef = EA42B56727D64BA000194A06 /* ViewController.m */; };
		EA42B56B27D64BA000194A06 /* Main.storyboard in Resources */ = {isa = PBXBuildFile; fileRef = EA42B56927D64BA000194A06 /* Main.storyboard */; };
		EA42B56D27D64BA200194A06 /* Assets.xcassets in Resources */ = {isa = PBXBuildFile; fileRef = EA42B56C27D64BA200194A06 /* Assets.xcassets */; };
		EA42B57027D64BA200194A06 /* LaunchScreen.storyboard in Resources */ = {isa = PBXBuildFile; fileRef = EA42B56E27D64BA200194A06 /* LaunchScreen.storyboard */; };
		EA42B57327D64BA200194A06 /* main.m in Sources */ = {isa = PBXBuildFile; fileRef = EA42B57227D64BA200194A06 /* main.m */; };
		EA42B57D27D64BA200194A06 /* LoginAppTests.m in Sources */ = {isa = PBXBuildFile; fileRef = EA42B57C27D64BA200194A06 /* LoginAppTests.m */; };
		EA42B58727D64BA200194A06 /* LoginAppUITests.m in Sources */ = {isa = PBXBuildFile; fileRef = EA42B58627D64BA200194A06 /* LoginAppUITests.m */; };
		EA42B58927D64BA200194A06 /* LoginAppUITestsLaunchTests.m in Sources */ = {isa = PBXBuildFile; fileRef = EA42B58827D64BA200194A06 /* LoginAppUITestsLaunchTests.m */; };
		EA57267527DA1AFE006AEF9A /* RegistrationViewController.m in Sources */ = {isa = PBXBuildFile; fileRef = EA57267427DA1AFE006AEF9A /* RegistrationViewController.m */; };
		EA57267D27DA3E96006AEF9A /* Alert.m in Sources */ = {isa = PBXBuildFile; fileRef = EA57267C27DA3E96006AEF9A /* Alert.m */; };
		EA85954C27D8B94600C56F54 /* DescriptionViewController.m in Sources */ = {isa = PBXBuildFile; fileRef = EA85954B27D8B94600C56F54 /* DescriptionViewController.m */; };
/* End PBXBuildFile section */

/* Begin PBXContainerItemProxy section */
		EA42B57927D64BA200194A06 /* PBXContainerItemProxy */ = {
			isa = PBXContainerItemProxy;
			containerPortal = EA42B55527D64BA000194A06 /* Project object */;
			proxyType = 1;
			remoteGlobalIDString = EA42B55C27D64BA000194A06;
			remoteInfo = LoginApp;
		};
		EA42B58327D64BA200194A06 /* PBXContainerItemProxy */ = {
			isa = PBXContainerItemProxy;
			containerPortal = EA42B55527D64BA000194A06 /* Project object */;
			proxyType = 1;
			remoteGlobalIDString = EA42B55C27D64BA000194A06;
			remoteInfo = LoginApp;
		};
/* End PBXContainerItemProxy section */

/* Begin PBXFileReference section */
		EA26EB9C27D7BBC300C2770F /* GoogleService-Info.plist */ = {isa = PBXFileReference; fileEncoding = 4; lastKnownFileType = text.plist.xml; path = "GoogleService-Info.plist"; sourceTree = "<group>"; };
		EA2C742D27DB3F5A00539B0B /* EmailValidation.h */ = {isa = PBXFileReference; lastKnownFileType = sourcecode.c.h; path = EmailValidation.h; sourceTree = "<group>"; };
		EA2C742E27DB3F6E00539B0B /* EmailValidation.m */ = {isa = PBXFileReference; lastKnownFileType = sourcecode.c.objc; path = EmailValidation.m; sourceTree = "<group>"; };
		EA2C743027DB3F8500539B0B /* PasswordValidation.m */ = {isa = PBXFileReference; lastKnownFileType = sourcecode.c.objc; path = PasswordValidation.m; sourceTree = "<group>"; };
		EA2C743227DB3F9A00539B0B /* PasswordValidation.h */ = {isa = PBXFileReference; lastKnownFileType = sourcecode.c.h; path = PasswordValidation.h; sourceTree = "<group>"; };
		EA2C743427DB5D7F00539B0B /* KeychainItemWrapper.h */ = {isa = PBXFileReference; fileEncoding = 4; lastKnownFileType = sourcecode.c.h; path = KeychainItemWrapper.h; sourceTree = "<group>"; };
		EA2C743527DB5D7F00539B0B /* KeychainItemWrapper.m */ = {isa = PBXFileReference; fileEncoding = 4; lastKnownFileType = sourcecode.c.objc; path = KeychainItemWrapper.m; sourceTree = "<group>"; };
		EA42B55D27D64BA000194A06 /* LoginApp.app */ = {isa = PBXFileReference; explicitFileType = wrapper.application; includeInIndex = 0; path = LoginApp.app; sourceTree = BUILT_PRODUCTS_DIR; };
		EA42B56027D64BA000194A06 /* AppDelegate.h */ = {isa = PBXFileReference; lastKnownFileType = sourcecode.c.h; path = AppDelegate.h; sourceTree = "<group>"; };
		EA42B56127D64BA000194A06 /* AppDelegate.m */ = {isa = PBXFileReference; lastKnownFileType = sourcecode.c.objc; path = AppDelegate.m; sourceTree = "<group>"; };
		EA42B56327D64BA000194A06 /* SceneDelegate.h */ = {isa = PBXFileReference; lastKnownFileType = sourcecode.c.h; path = SceneDelegate.h; sourceTree = "<group>"; };
		EA42B56427D64BA000194A06 /* SceneDelegate.m */ = {isa = PBXFileReference; lastKnownFileType = sourcecode.c.objc; path = SceneDelegate.m; sourceTree = "<group>"; };
		EA42B56627D64BA000194A06 /* ViewController.h */ = {isa = PBXFileReference; lastKnownFileType = sourcecode.c.h; path = ViewController.h; sourceTree = "<group>"; };
		EA42B56727D64BA000194A06 /* ViewController.m */ = {isa = PBXFileReference; lastKnownFileType = sourcecode.c.objc; path = ViewController.m; sourceTree = "<group>"; };
		EA42B56A27D64BA000194A06 /* Base */ = {isa = PBXFileReference; lastKnownFileType = file.storyboard; name = Base; path = Base.lproj/Main.storyboard; sourceTree = "<group>"; };
		EA42B56C27D64BA200194A06 /* Assets.xcassets */ = {isa = PBXFileReference; lastKnownFileType = folder.assetcatalog; path = Assets.xcassets; sourceTree = "<group>"; };
		EA42B56F27D64BA200194A06 /* Base */ = {isa = PBXFileReference; lastKnownFileType = file.storyboard; name = Base; path = Base.lproj/LaunchScreen.storyboard; sourceTree = "<group>"; };
		EA42B57127D64BA200194A06 /* Info.plist */ = {isa = PBXFileReference; lastKnownFileType = text.plist.xml; path = Info.plist; sourceTree = "<group>"; };
		EA42B57227D64BA200194A06 /* main.m */ = {isa = PBXFileReference; lastKnownFileType = sourcecode.c.objc; path = main.m; sourceTree = "<group>"; };
		EA42B57827D64BA200194A06 /* LoginAppTests.xctest */ = {isa = PBXFileReference; explicitFileType = wrapper.cfbundle; includeInIndex = 0; path = LoginAppTests.xctest; sourceTree = BUILT_PRODUCTS_DIR; };
		EA42B57C27D64BA200194A06 /* LoginAppTests.m */ = {isa = PBXFileReference; lastKnownFileType = sourcecode.c.objc; path = LoginAppTests.m; sourceTree = "<group>"; };
		EA42B58227D64BA200194A06 /* LoginAppUITests.xctest */ = {isa = PBXFileReference; explicitFileType = wrapper.cfbundle; includeInIndex = 0; path = LoginAppUITests.xctest; sourceTree = BUILT_PRODUCTS_DIR; };
		EA42B58627D64BA200194A06 /* LoginAppUITests.m */ = {isa = PBXFileReference; lastKnownFileType = sourcecode.c.objc; path = LoginAppUITests.m; sourceTree = "<group>"; };
		EA42B58827D64BA200194A06 /* LoginAppUITestsLaunchTests.m */ = {isa = PBXFileReference; lastKnownFileType = sourcecode.c.objc; path = LoginAppUITestsLaunchTests.m; sourceTree = "<group>"; };
		EA57267327DA1AFE006AEF9A /* RegistrationViewController.h */ = {isa = PBXFileReference; lastKnownFileType = sourcecode.c.h; path = RegistrationViewController.h; sourceTree = "<group>"; };
		EA57267427DA1AFE006AEF9A /* RegistrationViewController.m */ = {isa = PBXFileReference; lastKnownFileType = sourcecode.c.objc; path = RegistrationViewController.m; sourceTree = "<group>"; };
		EA57267B27DA3E83006AEF9A /* Alert.h */ = {isa = PBXFileReference; lastKnownFileType = sourcecode.c.h; path = Alert.h; sourceTree = "<group>"; };
		EA57267C27DA3E96006AEF9A /* Alert.m */ = {isa = PBXFileReference; lastKnownFileType = sourcecode.c.objc; path = Alert.m; sourceTree = "<group>"; };
		EA85954A27D8B94600C56F54 /* DescriptionViewController.h */ = {isa = PBXFileReference; lastKnownFileType = sourcecode.c.h; path = DescriptionViewController.h; sourceTree = "<group>"; };
		EA85954B27D8B94600C56F54 /* DescriptionViewController.m */ = {isa = PBXFileReference; lastKnownFileType = sourcecode.c.objc; path = DescriptionViewController.m; sourceTree = "<group>"; };
/* End PBXFileReference section */

/* Begin PBXFrameworksBuildPhase section */
		EA42B55A27D64BA000194A06 /* Frameworks */ = {
			isa = PBXFrameworksBuildPhase;
			buildActionMask = 2147483647;
			files = (
			);
			runOnlyForDeploymentPostprocessing = 0;
		};
		EA42B57527D64BA200194A06 /* Frameworks */ = {
			isa = PBXFrameworksBuildPhase;
			buildActionMask = 2147483647;
			files = (
			);
			runOnlyForDeploymentPostprocessing = 0;
		};
		EA42B57F27D64BA200194A06 /* Frameworks */ = {
			isa = PBXFrameworksBuildPhase;
			buildActionMask = 2147483647;
			files = (
			);
			runOnlyForDeploymentPostprocessing = 0;
		};
/* End PBXFrameworksBuildPhase section */

/* Begin PBXGroup section */
		EA2C743327DB3FA800539B0B /* Validations */ = {
			isa = PBXGroup;
			children = (
				EA2C742D27DB3F5A00539B0B /* EmailValidation.h */,
				EA2C742E27DB3F6E00539B0B /* EmailValidation.m */,
				EA2C743027DB3F8500539B0B /* PasswordValidation.m */,
				EA2C743227DB3F9A00539B0B /* PasswordValidation.h */,
			);
			path = Validations;
			sourceTree = "<group>";
		};
		EA42B55427D64BA000194A06 = {
			isa = PBXGroup;
			children = (
				EA42B55F27D64BA000194A06 /* LoginApp */,
				EA42B57B27D64BA200194A06 /* LoginAppTests */,
				EA42B58527D64BA200194A06 /* LoginAppUITests */,
				EA42B55E27D64BA000194A06 /* Products */,
			);
			sourceTree = "<group>";
		};
		EA42B55E27D64BA000194A06 /* Products */ = {
			isa = PBXGroup;
			children = (
				EA42B55D27D64BA000194A06 /* LoginApp.app */,
				EA42B57827D64BA200194A06 /* LoginAppTests.xctest */,
				EA42B58227D64BA200194A06 /* LoginAppUITests.xctest */,
			);
			name = Products;
			sourceTree = "<group>";
		};
		EA42B55F27D64BA000194A06 /* LoginApp */ = {
			isa = PBXGroup;
			children = (
				EA57267A27DA3E5F006AEF9A /* Utility */,
				EA42B56027D64BA000194A06 /* AppDelegate.h */,
				EA42B56127D64BA000194A06 /* AppDelegate.m */,
				EA2C743427DB5D7F00539B0B /* KeychainItemWrapper.h */,
				EA2C743527DB5D7F00539B0B /* KeychainItemWrapper.m */,
				EA42B56327D64BA000194A06 /* SceneDelegate.h */,
				EA42B56427D64BA000194A06 /* SceneDelegate.m */,
				EA57267627DA3D67006AEF9A /* Controller */,
				EA42B56927D64BA000194A06 /* Main.storyboard */,
				EA42B56C27D64BA200194A06 /* Assets.xcassets */,
				EA42B56E27D64BA200194A06 /* LaunchScreen.storyboard */,
				EA42B57127D64BA200194A06 /* Info.plist */,
				EA26EB9C27D7BBC300C2770F /* GoogleService-Info.plist */,
				EA42B57227D64BA200194A06 /* main.m */,
			);
			path = LoginApp;
			sourceTree = "<group>";
		};
		EA42B57B27D64BA200194A06 /* LoginAppTests */ = {
			isa = PBXGroup;
			children = (
				EA42B57C27D64BA200194A06 /* LoginAppTests.m */,
			);
			path = LoginAppTests;
			sourceTree = "<group>";
		};
		EA42B58527D64BA200194A06 /* LoginAppUITests */ = {
			isa = PBXGroup;
			children = (
				EA42B58627D64BA200194A06 /* LoginAppUITests.m */,
				EA42B58827D64BA200194A06 /* LoginAppUITestsLaunchTests.m */,
			);
			path = LoginAppUITests;
			sourceTree = "<group>";
		};
		EA57267627DA3D67006AEF9A /* Controller */ = {
			isa = PBXGroup;
			children = (
				EA57267727DA3DD5006AEF9A /* LoginVC */,
				EA57267827DA3DE9006AEF9A /* DescriptionVC */,
				EA57267927DA3DF7006AEF9A /* RegisterVC */,
			);
			path = Controller;
			sourceTree = "<group>";
		};
		EA57267727DA3DD5006AEF9A /* LoginVC */ = {
			isa = PBXGroup;
			children = (
				EA42B56627D64BA000194A06 /* ViewController.h */,
				EA42B56727D64BA000194A06 /* ViewController.m */,
			);
			path = LoginVC;
			sourceTree = "<group>";
		};
		EA57267827DA3DE9006AEF9A /* DescriptionVC */ = {
			isa = PBXGroup;
			children = (
				EA85954A27D8B94600C56F54 /* DescriptionViewController.h */,
				EA85954B27D8B94600C56F54 /* DescriptionViewController.m */,
			);
			path = DescriptionVC;
			sourceTree = "<group>";
		};
		EA57267927DA3DF7006AEF9A /* RegisterVC */ = {
			isa = PBXGroup;
			children = (
				EA57267327DA1AFE006AEF9A /* RegistrationViewController.h */,
				EA57267427DA1AFE006AEF9A /* RegistrationViewController.m */,
			);
			path = RegisterVC;
			sourceTree = "<group>";
		};
		EA57267A27DA3E5F006AEF9A /* Utility */ = {
			isa = PBXGroup;
			children = (
				EA57267B27DA3E83006AEF9A /* Alert.h */,
				EA57267C27DA3E96006AEF9A /* Alert.m */,
				EA2C743327DB3FA800539B0B /* Validations */,
			);
			path = Utility;
			sourceTree = "<group>";
		};
/* End PBXGroup section */

/* Begin PBXNativeTarget section */
		EA42B55C27D64BA000194A06 /* LoginApp */ = {
			isa = PBXNativeTarget;
			buildConfigurationList = EA42B58C27D64BA200194A06 /* Build configuration list for PBXNativeTarget "LoginApp" */;
			buildPhases = (
				EA42B55927D64BA000194A06 /* Sources */,
				EA42B55A27D64BA000194A06 /* Frameworks */,
				EA42B55B27D64BA000194A06 /* Resources */,
			);
			buildRules = (
			);
			dependencies = (
			);
			name = LoginApp;
			productName = LoginApp;
			productReference = EA42B55D27D64BA000194A06 /* LoginApp.app */;
			productType = "com.apple.product-type.application";
		};
		EA42B57727D64BA200194A06 /* LoginAppTests */ = {
			isa = PBXNativeTarget;
			buildConfigurationList = EA42B58F27D64BA200194A06 /* Build configuration list for PBXNativeTarget "LoginAppTests" */;
			buildPhases = (
				EA42B57427D64BA200194A06 /* Sources */,
				EA42B57527D64BA200194A06 /* Frameworks */,
				EA42B57627D64BA200194A06 /* Resources */,
			);
			buildRules = (
			);
			dependencies = (
				EA42B57A27D64BA200194A06 /* PBXTargetDependency */,
			);
			name = LoginAppTests;
			productName = LoginAppTests;
			productReference = EA42B57827D64BA200194A06 /* LoginAppTests.xctest */;
			productType = "com.apple.product-type.bundle.unit-test";
		};
		EA42B58127D64BA200194A06 /* LoginAppUITests */ = {
			isa = PBXNativeTarget;
			buildConfigurationList = EA42B59227D64BA200194A06 /* Build configuration list for PBXNativeTarget "LoginAppUITests" */;
			buildPhases = (
				EA42B57E27D64BA200194A06 /* Sources */,
				EA42B57F27D64BA200194A06 /* Frameworks */,
				EA42B58027D64BA200194A06 /* Resources */,
			);
			buildRules = (
			);
			dependencies = (
				EA42B58427D64BA200194A06 /* PBXTargetDependency */,
			);
			name = LoginAppUITests;
			productName = LoginAppUITests;
			productReference = EA42B58227D64BA200194A06 /* LoginAppUITests.xctest */;
			productType = "com.apple.product-type.bundle.ui-testing";
		};
/* End PBXNativeTarget section */

/* Begin PBXProject section */
		EA42B55527D64BA000194A06 /* Project object */ = {
			isa = PBXProject;
			attributes = {
				BuildIndependentTargetsInParallel = 1;
				LastUpgradeCheck = 1320;
				TargetAttributes = {
					EA42B55C27D64BA000194A06 = {
						CreatedOnToolsVersion = 13.2.1;
					};
					EA42B57727D64BA200194A06 = {
						CreatedOnToolsVersion = 13.2.1;
						TestTargetID = EA42B55C27D64BA000194A06;
					};
					EA42B58127D64BA200194A06 = {
						CreatedOnToolsVersion = 13.2.1;
						TestTargetID = EA42B55C27D64BA000194A06;
					};
				};
			};
			buildConfigurationList = EA42B55827D64BA000194A06 /* Build configuration list for PBXProject "LoginApp" */;
			compatibilityVersion = "Xcode 13.0";
			developmentRegion = en;
			hasScannedForEncodings = 0;
			knownRegions = (
				en,
				Base,
			);
			mainGroup = EA42B55427D64BA000194A06;
			productRefGroup = EA42B55E27D64BA000194A06 /* Products */;
			projectDirPath = "";
			projectRoot = "";
			targets = (
				EA42B55C27D64BA000194A06 /* LoginApp */,
				EA42B57727D64BA200194A06 /* LoginAppTests */,
				EA42B58127D64BA200194A06 /* LoginAppUITests */,
			);
		};
/* End PBXProject section */

/* Begin PBXResourcesBuildPhase section */
		EA42B55B27D64BA000194A06 /* Resources */ = {
			isa = PBXResourcesBuildPhase;
			buildActionMask = 2147483647;
			files = (
				EA42B57027D64BA200194A06 /* LaunchScreen.storyboard in Resources */,
				EA26EB9D27D7BBC300C2770F /* GoogleService-Info.plist in Resources */,
				EA42B56D27D64BA200194A06 /* Assets.xcassets in Resources */,
				EA42B56B27D64BA000194A06 /* Main.storyboard in Resources */,
			);
			runOnlyForDeploymentPostprocessing = 0;
		};
		EA42B57627D64BA200194A06 /* Resources */ = {
			isa = PBXResourcesBuildPhase;
			buildActionMask = 2147483647;
			files = (
			);
			runOnlyForDeploymentPostprocessing = 0;
		};
		EA42B58027D64BA200194A06 /* Resources */ = {
			isa = PBXResourcesBuildPhase;
			buildActionMask = 2147483647;
			files = (
			);
			runOnlyForDeploymentPostprocessing = 0;
		};
/* End PBXResourcesBuildPhase section */

/* Begin PBXSourcesBuildPhase section */
		EA42B55927D64BA000194A06 /* Sources */ = {
			isa = PBXSourcesBuildPhase;
			buildActionMask = 2147483647;
			files = (
				EA85954C27D8B94600C56F54 /* DescriptionViewController.m in Sources */,
				EA57267D27DA3E96006AEF9A /* Alert.m in Sources */,
				EA2C743127DB3F8500539B0B /* PasswordValidation.m in Sources */,
				EA42B56827D64BA000194A06 /* ViewController.m in Sources */,
				EA2C742F27DB3F6E00539B0B /* EmailValidation.m in Sources */,
				EA2C743627DB5D8000539B0B /* KeychainItemWrapper.m in Sources */,
				EA42B56227D64BA000194A06 /* AppDelegate.m in Sources */,
				EA42B57327D64BA200194A06 /* main.m in Sources */,
				EA42B56527D64BA000194A06 /* SceneDelegate.m in Sources */,
				EA57267527DA1AFE006AEF9A /* RegistrationViewController.m in Sources */,
			);
			runOnlyForDeploymentPostprocessing = 0;
		};
		EA42B57427D64BA200194A06 /* Sources */ = {
			isa = PBXSourcesBuildPhase;
			buildActionMask = 2147483647;
			files = (
				EA42B57D27D64BA200194A06 /* LoginAppTests.m in Sources */,
			);
			runOnlyForDeploymentPostprocessing = 0;
		};
		EA42B57E27D64BA200194A06 /* Sources */ = {
			isa = PBXSourcesBuildPhase;
			buildActionMask = 2147483647;
			files = (
				EA42B58927D64BA200194A06 /* LoginAppUITestsLaunchTests.m in Sources */,
				EA42B58727D64BA200194A06 /* LoginAppUITests.m in Sources */,
			);
			runOnlyForDeploymentPostprocessing = 0;
		};
/* End PBXSourcesBuildPhase section */

/* Begin PBXTargetDependency section */
		EA42B57A27D64BA200194A06 /* PBXTargetDependency */ = {
			isa = PBXTargetDependency;
			target = EA42B55C27D64BA000194A06 /* LoginApp */;
			targetProxy = EA42B57927D64BA200194A06 /* PBXContainerItemProxy */;
		};
		EA42B58427D64BA200194A06 /* PBXTargetDependency */ = {
			isa = PBXTargetDependency;
			target = EA42B55C27D64BA000194A06 /* LoginApp */;
			targetProxy = EA42B58327D64BA200194A06 /* PBXContainerItemProxy */;
		};
/* End PBXTargetDependency section */

/* Begin PBXVariantGroup section */
		EA42B56927D64BA000194A06 /* Main.storyboard */ = {
			isa = PBXVariantGroup;
			children = (
				EA42B56A27D64BA000194A06 /* Base */,
			);
			name = Main.storyboard;
			sourceTree = "<group>";
		};
		EA42B56E27D64BA200194A06 /* LaunchScreen.storyboard */ = {
			isa = PBXVariantGroup;
			children = (
				EA42B56F27D64BA200194A06 /* Base */,
			);
			name = LaunchScreen.storyboard;
			sourceTree = "<group>";
		};
/* End PBXVariantGroup section */

/* Begin XCBuildConfiguration section */
		EA42B58A27D64BA200194A06 /* Debug */ = {
			isa = XCBuildConfiguration;
			buildSettings = {
				ALWAYS_SEARCH_USER_PATHS = NO;
				CLANG_ANALYZER_NONNULL = YES;
				CLANG_ANALYZER_NUMBER_OBJECT_CONVERSION = YES_AGGRESSIVE;
				CLANG_CXX_LANGUAGE_STANDARD = "gnu++17";
				CLANG_CXX_LIBRARY = "libc++";
				CLANG_ENABLE_MODULES = YES;
				CLANG_ENABLE_OBJC_ARC = YES;
				CLANG_ENABLE_OBJC_WEAK = YES;
				CLANG_WARN_BLOCK_CAPTURE_AUTORELEASING = YES;
				CLANG_WARN_BOOL_CONVERSION = YES;
				CLANG_WARN_COMMA = YES;
				CLANG_WARN_CONSTANT_CONVERSION = YES;
				CLANG_WARN_DEPRECATED_OBJC_IMPLEMENTATIONS = YES;
				CLANG_WARN_DIRECT_OBJC_ISA_USAGE = YES_ERROR;
				CLANG_WARN_DOCUMENTATION_COMMENTS = YES;
				CLANG_WARN_EMPTY_BODY = YES;
				CLANG_WARN_ENUM_CONVERSION = YES;
				CLANG_WARN_INFINITE_RECURSION = YES;
				CLANG_WARN_INT_CONVERSION = YES;
				CLANG_WARN_NON_LITERAL_NULL_CONVERSION = YES;
				CLANG_WARN_OBJC_IMPLICIT_RETAIN_SELF = YES;
				CLANG_WARN_OBJC_LITERAL_CONVERSION = YES;
				CLANG_WARN_OBJC_ROOT_CLASS = YES_ERROR;
				CLANG_WARN_QUOTED_INCLUDE_IN_FRAMEWORK_HEADER = YES;
				CLANG_WARN_RANGE_LOOP_ANALYSIS = YES;
				CLANG_WARN_STRICT_PROTOTYPES = YES;
				CLANG_WARN_SUSPICIOUS_MOVE = YES;
				CLANG_WARN_UNGUARDED_AVAILABILITY = YES_AGGRESSIVE;
				CLANG_WARN_UNREACHABLE_CODE = YES;
				CLANG_WARN__DUPLICATE_METHOD_MATCH = YES;
				COPY_PHASE_STRIP = NO;
				DEBUG_INFORMATION_FORMAT = dwarf;
				ENABLE_STRICT_OBJC_MSGSEND = YES;
				ENABLE_TESTABILITY = YES;
				GCC_C_LANGUAGE_STANDARD = gnu11;
				GCC_DYNAMIC_NO_PIC = NO;
				GCC_NO_COMMON_BLOCKS = YES;
				GCC_OPTIMIZATION_LEVEL = 0;
				GCC_PREPROCESSOR_DEFINITIONS = (
					"DEBUG=1",
					"$(inherited)",
				);
				GCC_WARN_64_TO_32_BIT_CONVERSION = YES;
				GCC_WARN_ABOUT_RETURN_TYPE = YES_ERROR;
				GCC_WARN_UNDECLARED_SELECTOR = YES;
				GCC_WARN_UNINITIALIZED_AUTOS = YES_AGGRESSIVE;
				GCC_WARN_UNUSED_FUNCTION = YES;
				GCC_WARN_UNUSED_VARIABLE = YES;
				IPHONEOS_DEPLOYMENT_TARGET = 15.2;
				MTL_ENABLE_DEBUG_INFO = INCLUDE_SOURCE;
				MTL_FAST_MATH = YES;
				ONLY_ACTIVE_ARCH = YES;
				SDKROOT = iphoneos;
			};
			name = Debug;
		};
		EA42B58B27D64BA200194A06 /* Release */ = {
			isa = XCBuildConfiguration;
			buildSettings = {
				ALWAYS_SEARCH_USER_PATHS = NO;
				CLANG_ANALYZER_NONNULL = YES;
				CLANG_ANALYZER_NUMBER_OBJECT_CONVERSION = YES_AGGRESSIVE;
				CLANG_CXX_LANGUAGE_STANDARD = "gnu++17";
				CLANG_CXX_LIBRARY = "libc++";
				CLANG_ENABLE_MODULES = YES;
				CLANG_ENABLE_OBJC_ARC = YES;
				CLANG_ENABLE_OBJC_WEAK = YES;
				CLANG_WARN_BLOCK_CAPTURE_AUTORELEASING = YES;
				CLANG_WARN_BOOL_CONVERSION = YES;
				CLANG_WARN_COMMA = YES;
				CLANG_WARN_CONSTANT_CONVERSION = YES;
				CLANG_WARN_DEPRECATED_OBJC_IMPLEMENTATIONS = YES;
				CLANG_WARN_DIRECT_OBJC_ISA_USAGE = YES_ERROR;
				CLANG_WARN_DOCUMENTATION_COMMENTS = YES;
				CLANG_WARN_EMPTY_BODY = YES;
				CLANG_WARN_ENUM_CONVERSION = YES;
				CLANG_WARN_INFINITE_RECURSION = YES;
				CLANG_WARN_INT_CONVERSION = YES;
				CLANG_WARN_NON_LITERAL_NULL_CONVERSION = YES;
				CLANG_WARN_OBJC_IMPLICIT_RETAIN_SELF = YES;
				CLANG_WARN_OBJC_LITERAL_CONVERSION = YES;
				CLANG_WARN_OBJC_ROOT_CLASS = YES_ERROR;
				CLANG_WARN_QUOTED_INCLUDE_IN_FRAMEWORK_HEADER = YES;
				CLANG_WARN_RANGE_LOOP_ANALYSIS = YES;
				CLANG_WARN_STRICT_PROTOTYPES = YES;
				CLANG_WARN_SUSPICIOUS_MOVE = YES;
				CLANG_WARN_UNGUARDED_AVAILABILITY = YES_AGGRESSIVE;
				CLANG_WARN_UNREACHABLE_CODE = YES;
				CLANG_WARN__DUPLICATE_METHOD_MATCH = YES;
				COPY_PHASE_STRIP = NO;
				DEBUG_INFORMATION_FORMAT = "dwarf-with-dsym";
				ENABLE_NS_ASSERTIONS = NO;
				ENABLE_STRICT_OBJC_MSGSEND = YES;
				GCC_C_LANGUAGE_STANDARD = gnu11;
				GCC_NO_COMMON_BLOCKS = YES;
				GCC_WARN_64_TO_32_BIT_CONVERSION = YES;
				GCC_WARN_ABOUT_RETURN_TYPE = YES_ERROR;
				GCC_WARN_UNDECLARED_SELECTOR = YES;
				GCC_WARN_UNINITIALIZED_AUTOS = YES_AGGRESSIVE;
				GCC_WARN_UNUSED_FUNCTION = YES;
				GCC_WARN_UNUSED_VARIABLE = YES;
				IPHONEOS_DEPLOYMENT_TARGET = 15.2;
				MTL_ENABLE_DEBUG_INFO = NO;
				MTL_FAST_MATH = YES;
				SDKROOT = iphoneos;
				VALIDATE_PRODUCT = YES;
			};
			name = Release;
		};
		EA42B58D27D64BA200194A06 /* Debug */ = {
			isa = XCBuildConfiguration;
			buildSettings = {
				ASSETCATALOG_COMPILER_APPICON_NAME = AppIcon;
				ASSETCATALOG_COMPILER_GLOBAL_ACCENT_COLOR_NAME = AccentColor;
				CODE_SIGN_STYLE = Automatic;
				CURRENT_PROJECT_VERSION = 1;
				DEVELOPMENT_TEAM = B525SBHM7K;
				GENERATE_INFOPLIST_FILE = YES;
				INFOPLIST_FILE = LoginApp/Info.plist;
				INFOPLIST_KEY_UIApplicationSupportsIndirectInputEvents = YES;
				INFOPLIST_KEY_UILaunchStoryboardName = LaunchScreen;
				INFOPLIST_KEY_UIMainStoryboardFile = Main;
				INFOPLIST_KEY_UISupportedInterfaceOrientations_iPad = "UIInterfaceOrientationPortrait UIInterfaceOrientationPortraitUpsideDown UIInterfaceOrientationLandscapeLeft UIInterfaceOrientationLandscapeRight";
				INFOPLIST_KEY_UISupportedInterfaceOrientations_iPhone = "UIInterfaceOrientationPortrait UIInterfaceOrientationLandscapeLeft UIInterfaceOrientationLandscapeRight";
				LD_RUNPATH_SEARCH_PATHS = (
					"$(inherited)",
					"@executable_path/Frameworks",
				);
				MARKETING_VERSION = 1.0;
				PRODUCT_BUNDLE_IDENTIFIER = spurthi.eshwarappa.LoginApp;
				PRODUCT_NAME = "$(TARGET_NAME)";
				SWIFT_EMIT_LOC_STRINGS = YES;
				TARGETED_DEVICE_FAMILY = "1,2";
			};
			name = Debug;
		};
		EA42B58E27D64BA200194A06 /* Release */ = {
			isa = XCBuildConfiguration;
			buildSettings = {
				ASSETCATALOG_COMPILER_APPICON_NAME = AppIcon;
				ASSETCATALOG_COMPILER_GLOBAL_ACCENT_COLOR_NAME = AccentColor;
				CODE_SIGN_STYLE = Automatic;
				CURRENT_PROJECT_VERSION = 1;
				DEVELOPMENT_TEAM = B525SBHM7K;
				GENERATE_INFOPLIST_FILE = YES;
				INFOPLIST_FILE = LoginApp/Info.plist;
				INFOPLIST_KEY_UIApplicationSupportsIndirectInputEvents = YES;
				INFOPLIST_KEY_UILaunchStoryboardName = LaunchScreen;
				INFOPLIST_KEY_UIMainStoryboardFile = Main;
				INFOPLIST_KEY_UISupportedInterfaceOrientations_iPad = "UIInterfaceOrientationPortrait UIInterfaceOrientationPortraitUpsideDown UIInterfaceOrientationLandscapeLeft UIInterfaceOrientationLandscapeRight";
				INFOPLIST_KEY_UISupportedInterfaceOrientations_iPhone = "UIInterfaceOrientationPortrait UIInterfaceOrientationLandscapeLeft UIInterfaceOrientationLandscapeRight";
				LD_RUNPATH_SEARCH_PATHS = (
					"$(inherited)",
					"@executable_path/Frameworks",
				);
				MARKETING_VERSION = 1.0;
				PRODUCT_BUNDLE_IDENTIFIER = spurthi.eshwarappa.LoginApp;
				PRODUCT_NAME = "$(TARGET_NAME)";
				SWIFT_EMIT_LOC_STRINGS = YES;
				TARGETED_DEVICE_FAMILY = "1,2";
			};
			name = Release;
		};
		EA42B59027D64BA200194A06 /* Debug */ = {
			isa = XCBuildConfiguration;
			buildSettings = {
				BUNDLE_LOADER = "$(TEST_HOST)";
				CODE_SIGN_STYLE = Automatic;
				CURRENT_PROJECT_VERSION = 1;
				DEVELOPMENT_TEAM = B525SBHM7K;
				GENERATE_INFOPLIST_FILE = YES;
				IPHONEOS_DEPLOYMENT_TARGET = 15.2;
				MARKETING_VERSION = 1.0;
				PRODUCT_BUNDLE_IDENTIFIER = spurthi.eshwarappa.LoginAppTests;
				PRODUCT_NAME = "$(TARGET_NAME)";
				SWIFT_EMIT_LOC_STRINGS = NO;
				TARGETED_DEVICE_FAMILY = "1,2";
				TEST_HOST = "$(BUILT_PRODUCTS_DIR)/LoginApp.app/LoginApp";
			};
			name = Debug;
		};
		EA42B59127D64BA200194A06 /* Release */ = {
			isa = XCBuildConfiguration;
			buildSettings = {
				BUNDLE_LOADER = "$(TEST_HOST)";
				CODE_SIGN_STYLE = Automatic;
				CURRENT_PROJECT_VERSION = 1;
				DEVELOPMENT_TEAM = B525SBHM7K;
				GENERATE_INFOPLIST_FILE = YES;
				IPHONEOS_DEPLOYMENT_TARGET = 15.2;
				MARKETING_VERSION = 1.0;
				PRODUCT_BUNDLE_IDENTIFIER = spurthi.eshwarappa.LoginAppTests;
				PRODUCT_NAME = "$(TARGET_NAME)";
				SWIFT_EMIT_LOC_STRINGS = NO;
				TARGETED_DEVICE_FAMILY = "1,2";
				TEST_HOST = "$(BUILT_PRODUCTS_DIR)/LoginApp.app/LoginApp";
			};
			name = Release;
		};
		EA42B59327D64BA200194A06 /* Debug */ = {
			isa = XCBuildConfiguration;
			buildSettings = {
				CODE_SIGN_STYLE = Automatic;
				CURRENT_PROJECT_VERSION = 1;
				DEVELOPMENT_TEAM = B525SBHM7K;
				GENERATE_INFOPLIST_FILE = YES;
				MARKETING_VERSION = 1.0;
				PRODUCT_BUNDLE_IDENTIFIER = spurthi.eshwarappa.LoginAppUITests;
				PRODUCT_NAME = "$(TARGET_NAME)";
				SWIFT_EMIT_LOC_STRINGS = NO;
				TARGETED_DEVICE_FAMILY = "1,2";
				TEST_TARGET_NAME = LoginApp;
			};
			name = Debug;
		};
		EA42B59427D64BA200194A06 /* Release */ = {
			isa = XCBuildConfiguration;
			buildSettings = {
				CODE_SIGN_STYLE = Automatic;
				CURRENT_PROJECT_VERSION = 1;
				DEVELOPMENT_TEAM = B525SBHM7K;
				GENERATE_INFOPLIST_FILE = YES;
				MARKETING_VERSION = 1.0;
				PRODUCT_BUNDLE_IDENTIFIER = spurthi.eshwarappa.LoginAppUITests;
				PRODUCT_NAME = "$(TARGET_NAME)";
				SWIFT_EMIT_LOC_STRINGS = NO;
				TARGETED_DEVICE_FAMILY = "1,2";
				TEST_TARGET_NAME = LoginApp;
			};
			name = Release;
		};
/* End XCBuildConfiguration section */

/* Begin XCConfigurationList section */
		EA42B55827D64BA000194A06 /* Build configuration list for PBXProject "LoginApp" */ = {
			isa = XCConfigurationList;
			buildConfigurations = (
				EA42B58A27D64BA200194A06 /* Debug */,
				EA42B58B27D64BA200194A06 /* Release */,
			);
			defaultConfigurationIsVisible = 0;
			defaultConfigurationName = Release;
		};
		EA42B58C27D64BA200194A06 /* Build configuration list for PBXNativeTarget "LoginApp" */ = {
			isa = XCConfigurationList;
			buildConfigurations = (
				EA42B58D27D64BA200194A06 /* Debug */,
				EA42B58E27D64BA200194A06 /* Release */,
			);
			defaultConfigurationIsVisible = 0;
			defaultConfigurationName = Release;
		};
		EA42B58F27D64BA200194A06 /* Build configuration list for PBXNativeTarget "LoginAppTests" */ = {
			isa = XCConfigurationList;
			buildConfigurations = (
				EA42B59027D64BA200194A06 /* Debug */,
				EA42B59127D64BA200194A06 /* Release */,
			);
			defaultConfigurationIsVisible = 0;
			defaultConfigurationName = Release;
		};
		EA42B59227D64BA200194A06 /* Build configuration list for PBXNativeTarget "LoginAppUITests" */ = {
			isa = XCConfigurationList;
			buildConfigurations = (
				EA42B59327D64BA200194A06 /* Debug */,
				EA42B59427D64BA200194A06 /* Release */,
			);
			defaultConfigurationIsVisible = 0;
			defaultConfigurationName = Release;
		};
/* End XCConfigurationList section */
	};
	rootObject = EA42B55527D64BA000194A06 /* Project object */;
}
